# This file is automatically @generated by Poetry and should not be changed by hand.

[[package]]
name = "anyio"
version = "3.6.2"
description = "High level compatibility layer for multiple asynchronous event loop implementations"
category = "main"
optional = false
python-versions = ">=3.6.2"
files = [
    {file = "anyio-3.6.2-py3-none-any.whl", hash = "sha256:fbbe32bd270d2a2ef3ed1c5d45041250284e31fc0a4df4a5a6071842051a51e3"},
    {file = "anyio-3.6.2.tar.gz", hash = "sha256:25ea0d673ae30af41a0c442f81cf3b38c7e79fdc7b60335a4c14e05eb0947421"},
]

[package.dependencies]
idna = ">=2.8"
sniffio = ">=1.1"

[package.extras]
doc = ["packaging", "sphinx-autodoc-typehints (>=1.2.0)", "sphinx-rtd-theme"]
test = ["contextlib2", "coverage[toml] (>=4.5)", "hypothesis (>=4.0)", "mock (>=4)", "pytest (>=7.0)", "pytest-mock (>=3.6.1)", "trustme", "uvloop (<0.15)", "uvloop (>=0.15)"]
trio = ["trio (>=0.16,<0.22)"]

[[package]]
name = "async-timeout"
version = "4.0.2"
description = "Timeout context manager for asyncio programs"
category = "main"
optional = false
python-versions = ">=3.6"
files = [
    {file = "async-timeout-4.0.2.tar.gz", hash = "sha256:2163e1640ddb52b7a8c80d0a67a08587e5d245cc9c553a74a847056bc2976b15"},
    {file = "async_timeout-4.0.2-py3-none-any.whl", hash = "sha256:8ca1e4fcf50d07413d66d1a5e416e42cfdf5851c981d679a09851a6853383b3c"},
]

[[package]]
name = "certifi"
version = "2022.12.7"
description = "Python package for providing Mozilla's CA Bundle."
category = "main"
optional = false
python-versions = ">=3.6"
files = [
    {file = "certifi-2022.12.7-py3-none-any.whl", hash = "sha256:4ad3232f5e926d6718ec31cfc1fcadfde020920e278684144551c91769c7bc18"},
    {file = "certifi-2022.12.7.tar.gz", hash = "sha256:35824b4c3a97115964b408844d64aa14db1cc518f6562e8d7261699d1350a9e3"},
]

[[package]]
name = "click"
version = "8.1.3"
description = "Composable command line interface toolkit"
category = "main"
optional = false
python-versions = ">=3.7"
files = [
    {file = "click-8.1.3-py3-none-any.whl", hash = "sha256:bb4d8133cb15a609f44e8213d9b391b0809795062913b383c62be0ee95b1db48"},
    {file = "click-8.1.3.tar.gz", hash = "sha256:7682dc8afb30297001674575ea00d1814d808d6a36af415a82bd481d37ba7b8e"},
]

[package.dependencies]
colorama = {version = "*", markers = "platform_system == \"Windows\""}

[[package]]
name = "colorama"
version = "0.4.6"
description = "Cross-platform colored terminal text."
category = "main"
optional = false
python-versions = "!=3.0.*,!=3.1.*,!=3.2.*,!=3.3.*,!=3.4.*,!=3.5.*,!=3.6.*,>=2.7"
files = [
    {file = "colorama-0.4.6-py2.py3-none-any.whl", hash = "sha256:4f1d9991f5acc0ca119f9d443620b77f9d6b33703e51011c16baf57afb285fc6"},
    {file = "colorama-0.4.6.tar.gz", hash = "sha256:08695f5cb7ed6e0531a20572697297273c47b8cae5a63ffc6d6ed5c201be6e44"},
]

[[package]]
name = "gunicorn"
version = "20.1.0"
description = "WSGI HTTP Server for UNIX"
category = "main"
optional = false
python-versions = ">=3.5"
files = [
    {file = "gunicorn-20.1.0-py3-none-any.whl", hash = "sha256:9dcc4547dbb1cb284accfb15ab5667a0e5d1881cc443e0677b4882a4067a807e"},
    {file = "gunicorn-20.1.0.tar.gz", hash = "sha256:e0a968b5ba15f8a328fdfd7ab1fcb5af4470c28aaf7e55df02a99bc13138e6e8"},
]

[package.dependencies]
setuptools = ">=3.0"

[package.extras]
eventlet = ["eventlet (>=0.24.1)"]
gevent = ["gevent (>=1.4.0)"]
setproctitle = ["setproctitle"]
tornado = ["tornado (>=0.2)"]

[[package]]
name = "h11"
version = "0.14.0"
description = "A pure-Python, bring-your-own-I/O implementation of HTTP/1.1"
category = "main"
optional = false
python-versions = ">=3.7"
files = [
    {file = "h11-0.14.0-py3-none-any.whl", hash = "sha256:e3fe4ac4b851c468cc8363d500db52c2ead036020723024a109d37346efaa761"},
    {file = "h11-0.14.0.tar.gz", hash = "sha256:8f19fbbe99e72420ff35c00b27a34cb9937e902a8b810e2c88300c6f0a3b699d"},
]

[[package]]
name = "hiredis"
version = "2.2.2"
description = "Python wrapper for hiredis"
category = "main"
optional = false
python-versions = ">=3.7"
files = [
    {file = "hiredis-2.2.2-cp310-cp310-macosx_10_12_universal2.whl", hash = "sha256:ba6123ff137275e2f4c31fc74b93813fcbb79160d43f5357163e09638c7743de"},
    {file = "hiredis-2.2.2-cp310-cp310-macosx_10_12_x86_64.whl", hash = "sha256:d995846acc8e3339fb7833cd19bf6f3946ff5157c8488a4df9c51cd119a36870"},
    {file = "hiredis-2.2.2-cp310-cp310-macosx_11_0_arm64.whl", hash = "sha256:82f869ca44bcafa37cd71cfa1429648fa354d6021dcd72f03a2f66bcb339c546"},
    {file = "hiredis-2.2.2-cp310-cp310-manylinux_2_17_aarch64.manylinux2014_aarch64.whl", hash = "sha256:aa90a5ee7a7f30c3d72d3513914b8f51f953a71b8cbd52a241b6db6685e55645"},
    {file = "hiredis-2.2.2-cp310-cp310-manylinux_2_17_ppc64le.manylinux2014_ppc64le.whl", hash = "sha256:01e2e588392b5fdcc3a6aa0eb62a2eb2a142f829082fa4c3354228029d3aa1ce"},
    {file = "hiredis-2.2.2-cp310-cp310-manylinux_2_17_s390x.manylinux2014_s390x.whl", hash = "sha256:5dac177a6ab8b4eb4d5e74978c29eef7cc9eef14086f814cb3893f7465578044"},
    {file = "hiredis-2.2.2-cp310-cp310-manylinux_2_17_x86_64.manylinux2014_x86_64.whl", hash = "sha256:4cb992e3f9753c5a0c637f333c2010d1ad702aebf2d730ee4d484f32b19bae97"},
    {file = "hiredis-2.2.2-cp310-cp310-manylinux_2_5_i686.manylinux1_i686.manylinux_2_17_i686.manylinux2014_i686.whl", hash = "sha256:e61c22fda5fc25d31bbced24a8322d33c5cb8cad9ba698634c16edb5b3e79a91"},
    {file = "hiredis-2.2.2-cp310-cp310-musllinux_1_1_aarch64.whl", hash = "sha256:9873898e26e50cd41415e9d1ea128bfdb60eb26abb4f5be28a4500fd7834dc0c"},
    {file = "hiredis-2.2.2-cp310-cp310-musllinux_1_1_i686.whl", hash = "sha256:2c18b00a382546e19bcda8b83dcca5b6e0dbc238d235723434405f48a18e8f77"},
    {file = "hiredis-2.2.2-cp310-cp310-musllinux_1_1_ppc64le.whl", hash = "sha256:8c3a6998f6f88d7ca4d082fd26525074df13162b274d7c64034784b6fdc56666"},
    {file = "hiredis-2.2.2-cp310-cp310-musllinux_1_1_s390x.whl", hash = "sha256:0fc1f9a9791d028b2b8afa318ccff734c7fc8861d37a04ca9b3d27c9b05f9718"},
    {file = "hiredis-2.2.2-cp310-cp310-musllinux_1_1_x86_64.whl", hash = "sha256:5f2cfd323f83985f2bed6ed013107873275025af270485b7d04c338bfb47bd14"},
    {file = "hiredis-2.2.2-cp310-cp310-win32.whl", hash = "sha256:55c7e9a9e05f8c0555bfba5c16d98492f8b6db650e56d0c35cc28aeabfc86020"},
    {file = "hiredis-2.2.2-cp310-cp310-win_amd64.whl", hash = "sha256:eaff526c2fed31c971b0fa338a25237ae5513550ef75d0b85b9420ec778cca45"},
    {file = "hiredis-2.2.2-cp311-cp311-macosx_10_12_universal2.whl", hash = "sha256:688b9b7458b4f3f452fea6ed062c04fa1fd9a69d9223d95c6cb052581aba553b"},
    {file = "hiredis-2.2.2-cp311-cp311-macosx_10_12_x86_64.whl", hash = "sha256:544d52fde3a8dac7854673eac20deca05214758193c01926ffbb0d57c6bf4ffe"},
    {file = "hiredis-2.2.2-cp311-cp311-macosx_11_0_arm64.whl", hash = "sha256:990916e8b0b4eedddef787e73549b562f8c9e73a7fea82f9b8ff517806774ad0"},
    {file = "hiredis-2.2.2-cp311-cp311-manylinux_2_17_aarch64.manylinux2014_aarch64.whl", hash = "sha256:10dc34854e9acfb3e7cc4157606e2efcb497b1c6fca07bd6c3be34ae5e413f13"},
    {file = "hiredis-2.2.2-cp311-cp311-manylinux_2_17_ppc64le.manylinux2014_ppc64le.whl", hash = "sha256:c446a2007985ae49c2ecd946dd819dea72b931beb5f647ba08655a1a1e133fa8"},
    {file = "hiredis-2.2.2-cp311-cp311-manylinux_2_17_s390x.manylinux2014_s390x.whl", hash = "sha256:02b9f928dc6cd43ed0f0ffc1c75fb209fb180f004b7e2e19994805f998d247aa"},
    {file = "hiredis-2.2.2-cp311-cp311-manylinux_2_17_x86_64.manylinux2014_x86_64.whl", hash = "sha256:2a355aff8dfa02ebfe67f0946dd706e490bddda9ea260afac9cdc43942310c53"},
    {file = "hiredis-2.2.2-cp311-cp311-manylinux_2_5_i686.manylinux1_i686.manylinux_2_17_i686.manylinux2014_i686.whl", hash = "sha256:831461abe5b63e73719621a5f31d8fc175528a05dc09d5a8aa8ef565d6deefa4"},
    {file = "hiredis-2.2.2-cp311-cp311-musllinux_1_1_aarch64.whl", hash = "sha256:75349f7c8f77eb0fd33ede4575d1e5b0a902a8176a436bf03293d7fec4bd3894"},
    {file = "hiredis-2.2.2-cp311-cp311-musllinux_1_1_i686.whl", hash = "sha256:1eb39b34d15220095dc49ad1e1082580d35cd3b6d9741def52988b5075e4ff03"},
    {file = "hiredis-2.2.2-cp311-cp311-musllinux_1_1_ppc64le.whl", hash = "sha256:a9b306f4e870747eea8b008dcba2e9f1e4acd12b333a684bc1cc120e633a280e"},
    {file = "hiredis-2.2.2-cp311-cp311-musllinux_1_1_s390x.whl", hash = "sha256:03dfb4ab7a2136ce1be305592553f102e1bd91a96068ab2778e3252aed20d9bc"},
    {file = "hiredis-2.2.2-cp311-cp311-musllinux_1_1_x86_64.whl", hash = "sha256:d8bc89c7e33fecb083a199ade0131a34d20365a8c32239e218da57290987ca9a"},
    {file = "hiredis-2.2.2-cp311-cp311-win32.whl", hash = "sha256:ed44b3c711cecde920f238ac35f70ac08744f2079b6369655856e43944464a72"},
    {file = "hiredis-2.2.2-cp311-cp311-win_amd64.whl", hash = "sha256:2e2f0ce3e8ab1314a52f562386220f6714fd24d7968a95528135ad04e88cc741"},
    {file = "hiredis-2.2.2-cp37-cp37m-macosx_10_12_x86_64.whl", hash = "sha256:e7e61ab75b851aac2d6bc634d03738a242a6ef255a44178437b427c5ebac0a87"},
    {file = "hiredis-2.2.2-cp37-cp37m-manylinux_2_17_aarch64.manylinux2014_aarch64.whl", hash = "sha256:9eb14339e399554bb436cc4628e8aaa3943adf7afcf34aba4cbd1e3e6b9ec7ec"},
    {file = "hiredis-2.2.2-cp37-cp37m-manylinux_2_17_ppc64le.manylinux2014_ppc64le.whl", hash = "sha256:e4ec57886f20f4298537cb1ab9dbda98594fb8d7c724c5fbf9a4b55329fd4a63"},
    {file = "hiredis-2.2.2-cp37-cp37m-manylinux_2_17_s390x.manylinux2014_s390x.whl", hash = "sha256:a89f5afb9827eab07b9c8c585cd4dc95e5232c727508ae2c935d09531abe9e33"},
    {file = "hiredis-2.2.2-cp37-cp37m-manylinux_2_17_x86_64.manylinux2014_x86_64.whl", hash = "sha256:3645590b9234cafd21c8ecfbf252ad9aa1d67629f4bdc98ba3627f48f8f7b5aa"},
    {file = "hiredis-2.2.2-cp37-cp37m-manylinux_2_5_i686.manylinux1_i686.manylinux_2_17_i686.manylinux2014_i686.whl", hash = "sha256:99350e89f52186146938bdba0b9c6cd68802c20346707d6ca8366f2d69d89b2f"},
    {file = "hiredis-2.2.2-cp37-cp37m-musllinux_1_1_aarch64.whl", hash = "sha256:b5d290f3d8f7a05c4adbe6c355055b87c7081bfa1eccd1ae5491216307ee5f53"},
    {file = "hiredis-2.2.2-cp37-cp37m-musllinux_1_1_i686.whl", hash = "sha256:c95be6f20377d5995ef41a98314542e194d2dc9c2579d8f130a1aea78d48fd42"},
    {file = "hiredis-2.2.2-cp37-cp37m-musllinux_1_1_ppc64le.whl", hash = "sha256:e4e2da61a04251121cb551f569c3250e6e27e95f2a80f8351c36822eda1f5d2b"},
    {file = "hiredis-2.2.2-cp37-cp37m-musllinux_1_1_s390x.whl", hash = "sha256:ac7f8d68826f95a3652e44b0c12bfa74d3aa6531d47d5dbe6a2fbfc7979bc20f"},
    {file = "hiredis-2.2.2-cp37-cp37m-musllinux_1_1_x86_64.whl", hash = "sha256:359e662324318baadb768d3c4ade8c4bdcfbb313570eb01e15d75dc5db781815"},
    {file = "hiredis-2.2.2-cp37-cp37m-win32.whl", hash = "sha256:fd0ca35e2cf44866137cbb5ae7e439fab18a0b0e0e1cf51d45137622d59ec012"},
    {file = "hiredis-2.2.2-cp37-cp37m-win_amd64.whl", hash = "sha256:c9488ffb10acc6b121c498875278b0a6715d193742dc92d21a281712169ac06d"},
    {file = "hiredis-2.2.2-cp38-cp38-macosx_10_12_universal2.whl", hash = "sha256:1570fe4f93bc1ea487fb566f2b863fd0ed146f643a4ea31e4e07036db9e0c7f8"},
    {file = "hiredis-2.2.2-cp38-cp38-macosx_10_12_x86_64.whl", hash = "sha256:8753c561b37cccbda7264c9b4486e206a6318c18377cd647beb3aa41a15a6beb"},
    {file = "hiredis-2.2.2-cp38-cp38-macosx_11_0_arm64.whl", hash = "sha256:a06d0dd84f10be6b15a92edbca2490b64917280f66d8267c63de99b6550308ad"},
    {file = "hiredis-2.2.2-cp38-cp38-manylinux_2_17_aarch64.manylinux2014_aarch64.whl", hash = "sha256:40ff3f1ec3a4046732e9e41df08dcb1a559847196755d295d43e32528aae39e6"},
    {file = "hiredis-2.2.2-cp38-cp38-manylinux_2_17_ppc64le.manylinux2014_ppc64le.whl", hash = "sha256:c24d856e13c02bd9d28a189e47be70cbba6f2c2a4bd85a8cc98819db9e7e3e06"},
    {file = "hiredis-2.2.2-cp38-cp38-manylinux_2_17_s390x.manylinux2014_s390x.whl", hash = "sha256:4ee9fe7cef505e8d925c70bebcc16bfab12aa7af922f948346baffd4730f7b00"},
    {file = "hiredis-2.2.2-cp38-cp38-manylinux_2_17_x86_64.manylinux2014_x86_64.whl", hash = "sha256:03ab1d545794bb0e09f3b1e2c8b3adcfacd84f6f2d402bfdcd441a98c0e9643c"},
    {file = "hiredis-2.2.2-cp38-cp38-manylinux_2_5_i686.manylinux1_i686.manylinux_2_17_i686.manylinux2014_i686.whl", hash = "sha256:14dfccf4696d75395c587a5dafafb4f7aa0a5d55309341d10bc2e7f1eaa20771"},
    {file = "hiredis-2.2.2-cp38-cp38-musllinux_1_1_aarch64.whl", hash = "sha256:2ddc573809ca4374da1b24b48604f34f3d5f0911fcccfb1c403ff8d8ca31c232"},
    {file = "hiredis-2.2.2-cp38-cp38-musllinux_1_1_i686.whl", hash = "sha256:24301ca2bf9b2f843b4c3015c90f161798fa3bbc5b95fd494785751b137dbbe2"},
    {file = "hiredis-2.2.2-cp38-cp38-musllinux_1_1_ppc64le.whl", hash = "sha256:b083a69e158138ffa95740ff6984d328259387b5596908021b3ccb946469ff66"},
    {file = "hiredis-2.2.2-cp38-cp38-musllinux_1_1_s390x.whl", hash = "sha256:8e16dc949cc2e9c5fbcd08de05b5fb61b89ff65738d772863c5c96248628830e"},
    {file = "hiredis-2.2.2-cp38-cp38-musllinux_1_1_x86_64.whl", hash = "sha256:674f296c3c89cb53f97aa9ba2508d3f360ad481b9e0c0e3a59b342a15192adaf"},
    {file = "hiredis-2.2.2-cp38-cp38-win32.whl", hash = "sha256:20ecbf87aac4f0f33f9c55ae15cb73b485d256c57518c590b7d0c9c152150632"},
    {file = "hiredis-2.2.2-cp38-cp38-win_amd64.whl", hash = "sha256:b11960237a3025bf248135e5b497dc4923e83d137eb798fbfe78b40d57c4b156"},
    {file = "hiredis-2.2.2-cp39-cp39-macosx_10_12_universal2.whl", hash = "sha256:18103090b8eda9c529830e26594e88b0b1472055785f3ed29b8adc694d03862a"},
    {file = "hiredis-2.2.2-cp39-cp39-macosx_10_12_x86_64.whl", hash = "sha256:d1acb7c957e5343303b3862947df3232dc7395da320b3b9ae076dfaa56ad59dc"},
    {file = "hiredis-2.2.2-cp39-cp39-macosx_11_0_arm64.whl", hash = "sha256:4997f55e1208af95a8fbd0fa187b04c672fcec8f66e49b9ab7fcc45cc1657dc4"},
    {file = "hiredis-2.2.2-cp39-cp39-manylinux_2_17_aarch64.manylinux2014_aarch64.whl", hash = "sha256:449e18506d22af40977abd0f5a8979f57f88d4562fe591478a3438d76a15133d"},
    {file = "hiredis-2.2.2-cp39-cp39-manylinux_2_17_ppc64le.manylinux2014_ppc64le.whl", hash = "sha256:a32a4474f7a4abdea954f3365608edee3f90f1de9fa05b81d214d4cad04c718a"},
    {file = "hiredis-2.2.2-cp39-cp39-manylinux_2_17_s390x.manylinux2014_s390x.whl", hash = "sha256:e86c800c6941698777fc58419216a66a7f76504f1cea72381d2ee206888e964d"},
    {file = "hiredis-2.2.2-cp39-cp39-manylinux_2_17_x86_64.manylinux2014_x86_64.whl", hash = "sha256:c73aa295c5369135247ff63aa1fbb116067485d0506cd787cc0c868e72bbee55"},
    {file = "hiredis-2.2.2-cp39-cp39-manylinux_2_5_i686.manylinux1_i686.manylinux_2_17_i686.manylinux2014_i686.whl", hash = "sha256:2e10a66680023bd5c5a3d605dae0844e3dde60eac5b79e39f51395a2aceaf634"},
    {file = "hiredis-2.2.2-cp39-cp39-musllinux_1_1_aarch64.whl", hash = "sha256:03ab760fc96e0c5d36226eb727f30645bf6a53c97f14bfc0a4d0401bfc9b8af7"},
    {file = "hiredis-2.2.2-cp39-cp39-musllinux_1_1_i686.whl", hash = "sha256:855d258e7f1aee3d7fbd5b1dc87790b1b5016e23d369a97b934a25ae7bc0171f"},
    {file = "hiredis-2.2.2-cp39-cp39-musllinux_1_1_ppc64le.whl", hash = "sha256:ccc33d87866d213f84f857a98f69c13f94fbf99a3304e328869890c9e49c8d65"},
    {file = "hiredis-2.2.2-cp39-cp39-musllinux_1_1_s390x.whl", hash = "sha256:339af17bb9817f8acb127247c79a99cad63db6738c0fb2aec9fa3d4f35d2a250"},
    {file = "hiredis-2.2.2-cp39-cp39-musllinux_1_1_x86_64.whl", hash = "sha256:57f73aa04d0b70ff436fb35fa7ea2b796aa7addbd7ebb8d1aa1f3d1b3e4439f1"},
    {file = "hiredis-2.2.2-cp39-cp39-win32.whl", hash = "sha256:e97d4e650b8d933a1229f341db92b610fc52b8d752490235977b63b81fbbc2cb"},
    {file = "hiredis-2.2.2-cp39-cp39-win_amd64.whl", hash = "sha256:8d43a7bba66a800279e33229a206861be09c279e261eaa8db4824e59465f4848"},
    {file = "hiredis-2.2.2-pp37-pypy37_pp73-macosx_10_12_x86_64.whl", hash = "sha256:632d79fd02b03e8d9fbaebbe40bfe34b920c5d0a9c0ef6270752e0db85208175"},
    {file = "hiredis-2.2.2-pp37-pypy37_pp73-manylinux_2_17_aarch64.manylinux2014_aarch64.whl", hash = "sha256:3a5fefac31c84143782ec1ebc323c04e733a6e4bfebcef9907a34e47a465e648"},
    {file = "hiredis-2.2.2-pp37-pypy37_pp73-manylinux_2_17_x86_64.manylinux2014_x86_64.whl", hash = "sha256:5155bc1710df8e21aa48c9b2f4d4e13e4987e1efff363a1ef9c84fae2cc6c145"},
    {file = "hiredis-2.2.2-pp37-pypy37_pp73-manylinux_2_5_i686.manylinux1_i686.manylinux_2_17_i686.manylinux2014_i686.whl", hash = "sha256:2f220b71235d2deab1b4b22681c8aee444720d973b80f1b86a4e2a85f6bcf1e1"},
    {file = "hiredis-2.2.2-pp37-pypy37_pp73-win_amd64.whl", hash = "sha256:f1f1efbe9cc29a3af39cf7eed27225f951aed3f48a1149c7fb74529fb5ab86d4"},
    {file = "hiredis-2.2.2-pp38-pypy38_pp73-macosx_10_12_x86_64.whl", hash = "sha256:1f1c44242c18b1f02e6d1162f133d65d00e09cc10d9165dccc78662def72abc2"},
    {file = "hiredis-2.2.2-pp38-pypy38_pp73-manylinux_2_17_aarch64.manylinux2014_aarch64.whl", hash = "sha256:9e0f444d9062f7e487ef42bab2fb2e290f1704afcbca48ad3ec23de63eef0fda"},
    {file = "hiredis-2.2.2-pp38-pypy38_pp73-manylinux_2_17_x86_64.manylinux2014_x86_64.whl", hash = "sha256:ac15e7e1efca51b4695e540c80c328accb352c9608da7c2df82d1fa1a3c539ef"},
    {file = "hiredis-2.2.2-pp38-pypy38_pp73-manylinux_2_5_i686.manylinux1_i686.manylinux_2_17_i686.manylinux2014_i686.whl", hash = "sha256:20cfbc469400669a5999aa34ccba3872a1e34490ec3d5c84e8c0752c27977b7c"},
    {file = "hiredis-2.2.2-pp38-pypy38_pp73-win_amd64.whl", hash = "sha256:bae004a0b978bf62e38d0eef5ab9156f8101d01167b3ca7054bd0994b773e917"},
    {file = "hiredis-2.2.2-pp39-pypy39_pp73-macosx_10_12_x86_64.whl", hash = "sha256:a1ce725542133dbdda9e8704867ef52651886bd1ef568c6fd997a27404381985"},
    {file = "hiredis-2.2.2-pp39-pypy39_pp73-manylinux_2_17_aarch64.manylinux2014_aarch64.whl", hash = "sha256:6e6ea7532221c97fa6d79f7d19d452cd9d1141d759c54279cc4774ce24728f13"},
    {file = "hiredis-2.2.2-pp39-pypy39_pp73-manylinux_2_17_x86_64.manylinux2014_x86_64.whl", hash = "sha256:a7114961ed78d708142f6c6eb1d2ed65dc3da4b5ae8a4660ad889dd7fc891971"},
    {file = "hiredis-2.2.2-pp39-pypy39_pp73-manylinux_2_5_i686.manylinux1_i686.manylinux_2_17_i686.manylinux2014_i686.whl", hash = "sha256:1b084fbc3e69f99865242f8e1ccd4ea2a34bf6a3983d015d61133377526c0ce2"},
    {file = "hiredis-2.2.2-pp39-pypy39_pp73-win_amd64.whl", hash = "sha256:2d1ba0799f3487294f72b2157944d5c3a4fb33c99e2d495d63eab98c7ec7234b"},
    {file = "hiredis-2.2.2.tar.gz", hash = "sha256:9c270bd0567a9c60673284e000132f603bb4ecbcd707567647a68f85ef45c4d4"},
]

[[package]]
name = "httpcore"
version = "0.16.3"
description = "A minimal low-level HTTP client."
category = "main"
optional = false
python-versions = ">=3.7"
files = [
    {file = "httpcore-0.16.3-py3-none-any.whl", hash = "sha256:da1fb708784a938aa084bde4feb8317056c55037247c787bd7e19eb2c2949dc0"},
    {file = "httpcore-0.16.3.tar.gz", hash = "sha256:c5d6f04e2fc530f39e0c077e6a30caa53f1451096120f1f38b954afd0b17c0cb"},
]

[package.dependencies]
anyio = ">=3.0,<5.0"
certifi = "*"
h11 = ">=0.13,<0.15"
sniffio = ">=1.0.0,<2.0.0"

[package.extras]
http2 = ["h2 (>=3,<5)"]
socks = ["socksio (>=1.0.0,<2.0.0)"]

[[package]]
name = "httptools"
version = "0.5.0"
description = "A collection of framework independent HTTP protocol utils."
category = "main"
optional = false
python-versions = ">=3.5.0"
files = [
    {file = "httptools-0.5.0-cp310-cp310-macosx_10_9_universal2.whl", hash = "sha256:8f470c79061599a126d74385623ff4744c4e0f4a0997a353a44923c0b561ee51"},
    {file = "httptools-0.5.0-cp310-cp310-macosx_10_9_x86_64.whl", hash = "sha256:e90491a4d77d0cb82e0e7a9cb35d86284c677402e4ce7ba6b448ccc7325c5421"},
    {file = "httptools-0.5.0-cp310-cp310-manylinux_2_17_aarch64.manylinux2014_aarch64.whl", hash = "sha256:c1d2357f791b12d86faced7b5736dea9ef4f5ecdc6c3f253e445ee82da579449"},
    {file = "httptools-0.5.0-cp310-cp310-manylinux_2_5_x86_64.manylinux1_x86_64.manylinux_2_17_x86_64.manylinux2014_x86_64.whl", hash = "sha256:1f90cd6fd97c9a1b7fe9215e60c3bd97336742a0857f00a4cb31547bc22560c2"},
    {file = "httptools-0.5.0-cp310-cp310-musllinux_1_1_aarch64.whl", hash = "sha256:5230a99e724a1bdbbf236a1b58d6e8504b912b0552721c7c6b8570925ee0ccde"},
    {file = "httptools-0.5.0-cp310-cp310-musllinux_1_1_x86_64.whl", hash = "sha256:3a47a34f6015dd52c9eb629c0f5a8a5193e47bf2a12d9a3194d231eaf1bc451a"},
    {file = "httptools-0.5.0-cp310-cp310-win_amd64.whl", hash = "sha256:24bb4bb8ac3882f90aa95403a1cb48465de877e2d5298ad6ddcfdebec060787d"},
    {file = "httptools-0.5.0-cp311-cp311-macosx_10_9_universal2.whl", hash = "sha256:e67d4f8734f8054d2c4858570cc4b233bf753f56e85217de4dfb2495904cf02e"},
    {file = "httptools-0.5.0-cp311-cp311-macosx_10_9_x86_64.whl", hash = "sha256:7e5eefc58d20e4c2da82c78d91b2906f1a947ef42bd668db05f4ab4201a99f49"},
    {file = "httptools-0.5.0-cp311-cp311-manylinux_2_17_aarch64.manylinux2014_aarch64.whl", hash = "sha256:0297822cea9f90a38df29f48e40b42ac3d48a28637368f3ec6d15eebefd182f9"},
    {file = "httptools-0.5.0-cp311-cp311-manylinux_2_5_x86_64.manylinux1_x86_64.manylinux_2_17_x86_64.manylinux2014_x86_64.whl", hash = "sha256:557be7fbf2bfa4a2ec65192c254e151684545ebab45eca5d50477d562c40f986"},
    {file = "httptools-0.5.0-cp311-cp311-musllinux_1_1_aarch64.whl", hash = "sha256:54465401dbbec9a6a42cf737627fb0f014d50dc7365a6b6cd57753f151a86ff0"},
    {file = "httptools-0.5.0-cp311-cp311-musllinux_1_1_x86_64.whl", hash = "sha256:4d9ebac23d2de960726ce45f49d70eb5466725c0087a078866043dad115f850f"},
    {file = "httptools-0.5.0-cp311-cp311-win_amd64.whl", hash = "sha256:e8a34e4c0ab7b1ca17b8763613783e2458e77938092c18ac919420ab8655c8c1"},
    {file = "httptools-0.5.0-cp36-cp36m-macosx_10_9_x86_64.whl", hash = "sha256:f659d7a48401158c59933904040085c200b4be631cb5f23a7d561fbae593ec1f"},
    {file = "httptools-0.5.0-cp36-cp36m-manylinux_2_17_aarch64.manylinux2014_aarch64.whl", hash = "sha256:ef1616b3ba965cd68e6f759eeb5d34fbf596a79e84215eeceebf34ba3f61fdc7"},
    {file = "httptools-0.5.0-cp36-cp36m-manylinux_2_5_x86_64.manylinux1_x86_64.manylinux_2_17_x86_64.manylinux2014_x86_64.whl", hash = "sha256:3625a55886257755cb15194efbf209584754e31d336e09e2ffe0685a76cb4b60"},
    {file = "httptools-0.5.0-cp36-cp36m-musllinux_1_1_aarch64.whl", hash = "sha256:72ad589ba5e4a87e1d404cc1cb1b5780bfcb16e2aec957b88ce15fe879cc08ca"},
    {file = "httptools-0.5.0-cp36-cp36m-musllinux_1_1_x86_64.whl", hash = "sha256:850fec36c48df5a790aa735417dca8ce7d4b48d59b3ebd6f83e88a8125cde324"},
    {file = "httptools-0.5.0-cp36-cp36m-win_amd64.whl", hash = "sha256:f222e1e9d3f13b68ff8a835574eda02e67277d51631d69d7cf7f8e07df678c86"},
    {file = "httptools-0.5.0-cp37-cp37m-macosx_10_9_x86_64.whl", hash = "sha256:3cb8acf8f951363b617a8420768a9f249099b92e703c052f9a51b66342eea89b"},
    {file = "httptools-0.5.0-cp37-cp37m-manylinux_2_17_aarch64.manylinux2014_aarch64.whl", hash = "sha256:550059885dc9c19a072ca6d6735739d879be3b5959ec218ba3e013fd2255a11b"},
    {file = "httptools-0.5.0-cp37-cp37m-manylinux_2_5_x86_64.manylinux1_x86_64.manylinux_2_17_x86_64.manylinux2014_x86_64.whl", hash = "sha256:a04fe458a4597aa559b79c7f48fe3dceabef0f69f562daf5c5e926b153817281"},
    {file = "httptools-0.5.0-cp37-cp37m-musllinux_1_1_aarch64.whl", hash = "sha256:7d0c1044bce274ec6711f0770fd2d5544fe392591d204c68328e60a46f88843b"},
    {file = "httptools-0.5.0-cp37-cp37m-musllinux_1_1_x86_64.whl", hash = "sha256:c6eeefd4435055a8ebb6c5cc36111b8591c192c56a95b45fe2af22d9881eee25"},
    {file = "httptools-0.5.0-cp37-cp37m-win_amd64.whl", hash = "sha256:5b65be160adcd9de7a7e6413a4966665756e263f0d5ddeffde277ffeee0576a5"},
    {file = "httptools-0.5.0-cp38-cp38-macosx_10_9_universal2.whl", hash = "sha256:fe9c766a0c35b7e3d6b6939393c8dfdd5da3ac5dec7f971ec9134f284c6c36d6"},
    {file = "httptools-0.5.0-cp38-cp38-macosx_10_9_x86_64.whl", hash = "sha256:85b392aba273566c3d5596a0a490978c085b79700814fb22bfd537d381dd230c"},
    {file = "httptools-0.5.0-cp38-cp38-manylinux_2_17_aarch64.manylinux2014_aarch64.whl", hash = "sha256:f5e3088f4ed33947e16fd865b8200f9cfae1144f41b64a8cf19b599508e096bc"},
    {file = "httptools-0.5.0-cp38-cp38-manylinux_2_5_x86_64.manylinux1_x86_64.manylinux_2_17_x86_64.manylinux2014_x86_64.whl", hash = "sha256:8c2a56b6aad7cc8f5551d8e04ff5a319d203f9d870398b94702300de50190f63"},
    {file = "httptools-0.5.0-cp38-cp38-musllinux_1_1_aarch64.whl", hash = "sha256:9b571b281a19762adb3f48a7731f6842f920fa71108aff9be49888320ac3e24d"},
    {file = "httptools-0.5.0-cp38-cp38-musllinux_1_1_x86_64.whl", hash = "sha256:aa47ffcf70ba6f7848349b8a6f9b481ee0f7637931d91a9860a1838bfc586901"},
    {file = "httptools-0.5.0-cp38-cp38-win_amd64.whl", hash = "sha256:bede7ee075e54b9a5bde695b4fc8f569f30185891796b2e4e09e2226801d09bd"},
    {file = "httptools-0.5.0-cp39-cp39-macosx_10_9_universal2.whl", hash = "sha256:64eba6f168803a7469866a9c9b5263a7463fa8b7a25b35e547492aa7322036b6"},
    {file = "httptools-0.5.0-cp39-cp39-macosx_10_9_x86_64.whl", hash = "sha256:4b098e4bb1174096a93f48f6193e7d9aa7071506a5877da09a783509ca5fff42"},
    {file = "httptools-0.5.0-cp39-cp39-manylinux_2_17_aarch64.manylinux2014_aarch64.whl", hash = "sha256:9423a2de923820c7e82e18980b937893f4aa8251c43684fa1772e341f6e06887"},
    {file = "httptools-0.5.0-cp39-cp39-manylinux_2_5_x86_64.manylinux1_x86_64.manylinux_2_17_x86_64.manylinux2014_x86_64.whl", hash = "sha256:ca1b7becf7d9d3ccdbb2f038f665c0f4857e08e1d8481cbcc1a86a0afcfb62b2"},
    {file = "httptools-0.5.0-cp39-cp39-musllinux_1_1_aarch64.whl", hash = "sha256:50d4613025f15f4b11f1c54bbed4761c0020f7f921b95143ad6d58c151198142"},
    {file = "httptools-0.5.0-cp39-cp39-musllinux_1_1_x86_64.whl", hash = "sha256:8ffce9d81c825ac1deaa13bc9694c0562e2840a48ba21cfc9f3b4c922c16f372"},
    {file = "httptools-0.5.0-cp39-cp39-win_amd64.whl", hash = "sha256:1af91b3650ce518d226466f30bbba5b6376dbd3ddb1b2be8b0658c6799dd450b"},
    {file = "httptools-0.5.0.tar.gz", hash = "sha256:295874861c173f9101960bba332429bb77ed4dcd8cdf5cee9922eb00e4f6bc09"},
]

[package.extras]
test = ["Cython (>=0.29.24,<0.30.0)"]

[[package]]
name = "httpx"
version = "0.23.3"
description = "The next generation HTTP client."
category = "main"
optional = false
python-versions = ">=3.7"
files = [
    {file = "httpx-0.23.3-py3-none-any.whl", hash = "sha256:a211fcce9b1254ea24f0cd6af9869b3d29aba40154e947d2a07bb499b3e310d6"},
    {file = "httpx-0.23.3.tar.gz", hash = "sha256:9818458eb565bb54898ccb9b8b251a28785dd4a55afbc23d0eb410754fe7d0f9"},
]

[package.dependencies]
certifi = "*"
httpcore = ">=0.15.0,<0.17.0"
rfc3986 = {version = ">=1.3,<2", extras = ["idna2008"]}
sniffio = "*"

[package.extras]
brotli = ["brotli", "brotlicffi"]
cli = ["click (>=8.0.0,<9.0.0)", "pygments (>=2.0.0,<3.0.0)", "rich (>=10,<13)"]
http2 = ["h2 (>=3,<5)"]
socks = ["socksio (>=1.0.0,<2.0.0)"]

[[package]]
name = "idna"
version = "3.4"
description = "Internationalized Domain Names in Applications (IDNA)"
category = "main"
optional = false
python-versions = ">=3.5"
files = [
    {file = "idna-3.4-py3-none-any.whl", hash = "sha256:90b77e79eaa3eba6de819a0c442c0b4ceefc341a7a2ab77d7562bf49f425c5c2"},
    {file = "idna-3.4.tar.gz", hash = "sha256:814f528e8dead7d329833b91c5faa87d60bf71824cd12a7530b5526063d02cb4"},
]

[[package]]
name = "maxminddb"
version = "2.2.0"
description = "Reader for the MaxMind DB format"
category = "main"
optional = false
python-versions = ">=3.6"
files = [
    {file = "maxminddb-2.2.0.tar.gz", hash = "sha256:e37707ec4fab115804670e0fb7aedb4b57075a8b6f80052bdc648d3c005184e5"},
]

[[package]]
name = "redis"
version = "4.5.1"
description = "Python client for Redis database and key-value store"
category = "main"
optional = false
python-versions = ">=3.7"
files = [
    {file = "redis-4.5.1-py3-none-any.whl", hash = "sha256:5deb072d26e67d2be1712603bfb7947ec3431fb0eec9c578994052e33035af6d"},
    {file = "redis-4.5.1.tar.gz", hash = "sha256:1eec3741cda408d3a5f84b78d089c8b8d895f21b3b050988351e925faf202864"},
]

[package.dependencies]
async-timeout = ">=4.0.2"

[package.extras]
hiredis = ["hiredis (>=1.0.0)"]
ocsp = ["cryptography (>=36.0.1)", "pyopenssl (==20.0.1)", "requests (>=2.26.0)"]

[[package]]
name = "rfc3986"
version = "1.5.0"
description = "Validating URI References per RFC 3986"
category = "main"
optional = false
python-versions = "*"
files = [
    {file = "rfc3986-1.5.0-py2.py3-none-any.whl", hash = "sha256:a86d6e1f5b1dc238b218b012df0aa79409667bb209e58da56d0b94704e712a97"},
    {file = "rfc3986-1.5.0.tar.gz", hash = "sha256:270aaf10d87d0d4e095063c65bf3ddbc6ee3d0b226328ce21e036f946e421835"},
]

[package.dependencies]
idna = {version = "*", optional = true, markers = "extra == \"idna2008\""}

[package.extras]
idna2008 = ["idna"]

[[package]]
name = "setproctitle"
version = "1.3.2"
description = "A Python module to customize the process title"
category = "main"
optional = false
python-versions = ">=3.7"
files = [
    {file = "setproctitle-1.3.2-cp310-cp310-macosx_10_9_universal2.whl", hash = "sha256:288943dec88e178bb2fd868adf491197cc0fc8b6810416b1c6775e686bab87fe"},
    {file = "setproctitle-1.3.2-cp310-cp310-macosx_10_9_x86_64.whl", hash = "sha256:630f6fe5e24a619ccf970c78e084319ee8be5be253ecc9b5b216b0f474f5ef18"},
    {file = "setproctitle-1.3.2-cp310-cp310-manylinux_2_17_aarch64.manylinux2014_aarch64.whl", hash = "sha256:6c877691b90026670e5a70adfbcc735460a9f4c274d35ec5e8a43ce3f8443005"},
    {file = "setproctitle-1.3.2-cp310-cp310-manylinux_2_17_ppc64le.manylinux2014_ppc64le.whl", hash = "sha256:7a55fe05f15c10e8c705038777656fe45e3bd676d49ad9ac8370b75c66dd7cd7"},
    {file = "setproctitle-1.3.2-cp310-cp310-manylinux_2_5_i686.manylinux1_i686.manylinux_2_17_i686.manylinux2014_i686.whl", hash = "sha256:ab45146c71ca6592c9cc8b354a2cc9cc4843c33efcbe1d245d7d37ce9696552d"},
    {file = "setproctitle-1.3.2-cp310-cp310-manylinux_2_5_x86_64.manylinux1_x86_64.manylinux_2_17_x86_64.manylinux2014_x86_64.whl", hash = "sha256:e00c9d5c541a2713ba0e657e0303bf96ddddc412ef4761676adc35df35d7c246"},
    {file = "setproctitle-1.3.2-cp310-cp310-musllinux_1_1_aarch64.whl", hash = "sha256:265ecbe2c6eafe82e104f994ddd7c811520acdd0647b73f65c24f51374cf9494"},
    {file = "setproctitle-1.3.2-cp310-cp310-musllinux_1_1_i686.whl", hash = "sha256:c2c46200656280a064073447ebd363937562debef329482fd7e570c8d498f806"},
    {file = "setproctitle-1.3.2-cp310-cp310-musllinux_1_1_ppc64le.whl", hash = "sha256:fa2f50678f04fda7a75d0fe5dd02bbdd3b13cbe6ed4cf626e4472a7ccf47ae94"},
    {file = "setproctitle-1.3.2-cp310-cp310-musllinux_1_1_x86_64.whl", hash = "sha256:7f2719a398e1a2c01c2a63bf30377a34d0b6ef61946ab9cf4d550733af8f1ef1"},
    {file = "setproctitle-1.3.2-cp310-cp310-win32.whl", hash = "sha256:e425be62524dc0c593985da794ee73eb8a17abb10fe692ee43bb39e201d7a099"},
    {file = "setproctitle-1.3.2-cp310-cp310-win_amd64.whl", hash = "sha256:e85e50b9c67854f89635a86247412f3ad66b132a4d8534ac017547197c88f27d"},
    {file = "setproctitle-1.3.2-cp311-cp311-macosx_10_9_universal2.whl", hash = "sha256:2a97d51c17d438cf5be284775a322d57b7ca9505bb7e118c28b1824ecaf8aeaa"},
    {file = "setproctitle-1.3.2-cp311-cp311-macosx_10_9_x86_64.whl", hash = "sha256:587c7d6780109fbd8a627758063d08ab0421377c0853780e5c356873cdf0f077"},
    {file = "setproctitle-1.3.2-cp311-cp311-manylinux_2_17_aarch64.manylinux2014_aarch64.whl", hash = "sha256:d7d17c8bd073cbf8d141993db45145a70b307385b69171d6b54bcf23e5d644de"},
    {file = "setproctitle-1.3.2-cp311-cp311-manylinux_2_17_ppc64le.manylinux2014_ppc64le.whl", hash = "sha256:e932089c35a396dc31a5a1fc49889dd559548d14cb2237adae260382a090382e"},
    {file = "setproctitle-1.3.2-cp311-cp311-manylinux_2_5_i686.manylinux1_i686.manylinux_2_17_i686.manylinux2014_i686.whl", hash = "sha256:8e4f8f12258a8739c565292a551c3db62cca4ed4f6b6126664e2381acb4931bf"},
    {file = "setproctitle-1.3.2-cp311-cp311-manylinux_2_5_x86_64.manylinux1_x86_64.manylinux_2_17_x86_64.manylinux2014_x86_64.whl", hash = "sha256:570d255fd99c7f14d8f91363c3ea96bd54f8742275796bca67e1414aeca7d8c3"},
    {file = "setproctitle-1.3.2-cp311-cp311-musllinux_1_1_aarch64.whl", hash = "sha256:a8e0881568c5e6beff91ef73c0ec8ac2a9d3ecc9edd6bd83c31ca34f770910c4"},
    {file = "setproctitle-1.3.2-cp311-cp311-musllinux_1_1_i686.whl", hash = "sha256:4bba3be4c1fabf170595b71f3af46c6d482fbe7d9e0563999b49999a31876f77"},
    {file = "setproctitle-1.3.2-cp311-cp311-musllinux_1_1_ppc64le.whl", hash = "sha256:37ece938110cab2bb3957e3910af8152ca15f2b6efdf4f2612e3f6b7e5459b80"},
    {file = "setproctitle-1.3.2-cp311-cp311-musllinux_1_1_x86_64.whl", hash = "sha256:db684d6bbb735a80bcbc3737856385b55d53f8a44ce9b46e9a5682c5133a9bf7"},
    {file = "setproctitle-1.3.2-cp311-cp311-win32.whl", hash = "sha256:ca58cd260ea02759238d994cfae844fc8b1e206c684beb8f38877dcab8451dfc"},
    {file = "setproctitle-1.3.2-cp311-cp311-win_amd64.whl", hash = "sha256:88486e6cce2a18a033013d17b30a594f1c5cb42520c49c19e6ade40b864bb7ff"},
    {file = "setproctitle-1.3.2-cp37-cp37m-macosx_10_9_x86_64.whl", hash = "sha256:92c626edc66169a1b09e9541b9c0c9f10488447d8a2b1d87c8f0672e771bc927"},
    {file = "setproctitle-1.3.2-cp37-cp37m-manylinux_2_17_aarch64.manylinux2014_aarch64.whl", hash = "sha256:710e16fa3bade3b026907e4a5e841124983620046166f355bbb84be364bf2a02"},
    {file = "setproctitle-1.3.2-cp37-cp37m-manylinux_2_17_ppc64le.manylinux2014_ppc64le.whl", hash = "sha256:1f29b75e86260b0ab59adb12661ef9f113d2f93a59951373eb6d68a852b13e83"},
    {file = "setproctitle-1.3.2-cp37-cp37m-manylinux_2_5_i686.manylinux1_i686.manylinux_2_17_i686.manylinux2014_i686.whl", hash = "sha256:1c8d9650154afaa86a44ff195b7b10d683c73509d085339d174e394a22cccbb9"},
    {file = "setproctitle-1.3.2-cp37-cp37m-manylinux_2_5_x86_64.manylinux1_x86_64.manylinux_2_17_x86_64.manylinux2014_x86_64.whl", hash = "sha256:f0452282258dfcc01697026a8841258dd2057c4438b43914b611bccbcd048f10"},
    {file = "setproctitle-1.3.2-cp37-cp37m-musllinux_1_1_aarch64.whl", hash = "sha256:e49ae693306d7624015f31cb3e82708916759d592c2e5f72a35c8f4cc8aef258"},
    {file = "setproctitle-1.3.2-cp37-cp37m-musllinux_1_1_i686.whl", hash = "sha256:1ff863a20d1ff6ba2c24e22436a3daa3cd80be1dfb26891aae73f61b54b04aca"},
    {file = "setproctitle-1.3.2-cp37-cp37m-musllinux_1_1_ppc64le.whl", hash = "sha256:55ce1e9925ce1765865442ede9dca0ba9bde10593fcd570b1f0fa25d3ec6b31c"},
    {file = "setproctitle-1.3.2-cp37-cp37m-musllinux_1_1_x86_64.whl", hash = "sha256:7fe9df7aeb8c64db6c34fc3b13271a363475d77bc157d3f00275a53910cb1989"},
    {file = "setproctitle-1.3.2-cp37-cp37m-win32.whl", hash = "sha256:e5c50e164cd2459bc5137c15288a9ef57160fd5cbf293265ea3c45efe7870865"},
    {file = "setproctitle-1.3.2-cp37-cp37m-win_amd64.whl", hash = "sha256:a499fff50387c1520c085a07578a000123f519e5f3eee61dd68e1d301659651f"},
    {file = "setproctitle-1.3.2-cp38-cp38-macosx_10_9_universal2.whl", hash = "sha256:5b932c3041aa924163f4aab970c2f0e6b4d9d773f4d50326e0ea1cd69240e5c5"},
    {file = "setproctitle-1.3.2-cp38-cp38-macosx_10_9_x86_64.whl", hash = "sha256:f4bfc89bd33ebb8e4c0e9846a09b1f5a4a86f5cb7a317e75cc42fee1131b4f4f"},
    {file = "setproctitle-1.3.2-cp38-cp38-manylinux_2_17_aarch64.manylinux2014_aarch64.whl", hash = "sha256:fcd3cf4286a60fdc95451d8d14e0389a6b4f5cebe02c7f2609325eb016535963"},
    {file = "setproctitle-1.3.2-cp38-cp38-manylinux_2_17_ppc64le.manylinux2014_ppc64le.whl", hash = "sha256:5fb4f769c02f63fac90989711a3fee83919f47ae9afd4758ced5d86596318c65"},
    {file = "setproctitle-1.3.2-cp38-cp38-manylinux_2_5_i686.manylinux1_i686.manylinux_2_17_i686.manylinux2014_i686.whl", hash = "sha256:5194b4969f82ea842a4f6af2f82cd16ebdc3f1771fb2771796e6add9835c1973"},
    {file = "setproctitle-1.3.2-cp38-cp38-manylinux_2_5_x86_64.manylinux1_x86_64.manylinux_2_17_x86_64.manylinux2014_x86_64.whl", hash = "sha256:1f0cde41857a644b7353a0060b5f94f7ba7cf593ebde5a1094da1be581ac9a31"},
    {file = "setproctitle-1.3.2-cp38-cp38-musllinux_1_1_aarch64.whl", hash = "sha256:9124bedd8006b0e04d4e8a71a0945da9b67e7a4ab88fdad7b1440dc5b6122c42"},
    {file = "setproctitle-1.3.2-cp38-cp38-musllinux_1_1_i686.whl", hash = "sha256:c8a09d570b39517de10ee5b718730e171251ce63bbb890c430c725c8c53d4484"},
    {file = "setproctitle-1.3.2-cp38-cp38-musllinux_1_1_ppc64le.whl", hash = "sha256:8ff3c8cb26afaed25e8bca7b9dd0c1e36de71f35a3a0706b5c0d5172587a3827"},
    {file = "setproctitle-1.3.2-cp38-cp38-musllinux_1_1_x86_64.whl", hash = "sha256:589be87172b238f839e19f146b9ea47c71e413e951ef0dc6db4218ddacf3c202"},
    {file = "setproctitle-1.3.2-cp38-cp38-win32.whl", hash = "sha256:4749a2b0c9ac52f864d13cee94546606f92b981b50e46226f7f830a56a9dc8e1"},
    {file = "setproctitle-1.3.2-cp38-cp38-win_amd64.whl", hash = "sha256:e43f315c68aa61cbdef522a2272c5a5b9b8fd03c301d3167b5e1343ef50c676c"},
    {file = "setproctitle-1.3.2-cp39-cp39-macosx_10_9_universal2.whl", hash = "sha256:de3a540cd1817ede31f530d20e6a4935bbc1b145fd8f8cf393903b1e02f1ae76"},
    {file = "setproctitle-1.3.2-cp39-cp39-macosx_10_9_x86_64.whl", hash = "sha256:4058564195b975ddc3f0462375c533cce310ccdd41b80ac9aed641c296c3eff4"},
    {file = "setproctitle-1.3.2-cp39-cp39-manylinux_2_17_aarch64.manylinux2014_aarch64.whl", hash = "sha256:1c5d5dad7c28bdd1ec4187d818e43796f58a845aa892bb4481587010dc4d362b"},
    {file = "setproctitle-1.3.2-cp39-cp39-manylinux_2_17_ppc64le.manylinux2014_ppc64le.whl", hash = "sha256:ffc61a388a5834a97953d6444a2888c24a05f2e333f9ed49f977a87bb1ad4761"},
    {file = "setproctitle-1.3.2-cp39-cp39-manylinux_2_5_i686.manylinux1_i686.manylinux_2_17_i686.manylinux2014_i686.whl", hash = "sha256:1fa1a0fbee72b47dc339c87c890d3c03a72ea65c061ade3204f285582f2da30f"},
    {file = "setproctitle-1.3.2-cp39-cp39-manylinux_2_5_x86_64.manylinux1_x86_64.manylinux_2_17_x86_64.manylinux2014_x86_64.whl", hash = "sha256:fe8a988c7220c002c45347430993830666e55bc350179d91fcee0feafe64e1d4"},
    {file = "setproctitle-1.3.2-cp39-cp39-musllinux_1_1_aarch64.whl", hash = "sha256:bae283e85fc084b18ffeb92e061ff7ac5af9e183c9d1345c93e178c3e5069cbe"},
    {file = "setproctitle-1.3.2-cp39-cp39-musllinux_1_1_i686.whl", hash = "sha256:fed18e44711c5af4b681c2b3b18f85e6f0f1b2370a28854c645d636d5305ccd8"},
    {file = "setproctitle-1.3.2-cp39-cp39-musllinux_1_1_ppc64le.whl", hash = "sha256:b34baef93bfb20a8ecb930e395ccd2ae3268050d8cf4fe187de5e2bd806fd796"},
    {file = "setproctitle-1.3.2-cp39-cp39-musllinux_1_1_x86_64.whl", hash = "sha256:7f0bed90a216ef28b9d227d8d73e28a8c9b88c0f48a082d13ab3fa83c581488f"},
    {file = "setproctitle-1.3.2-cp39-cp39-win32.whl", hash = "sha256:4d8938249a7cea45ab7e1e48b77685d0f2bab1ebfa9dde23e94ab97968996a7c"},
    {file = "setproctitle-1.3.2-cp39-cp39-win_amd64.whl", hash = "sha256:a47d97a75fd2d10c37410b180f67a5835cb1d8fdea2648fd7f359d4277f180b9"},
    {file = "setproctitle-1.3.2-pp37-pypy37_pp73-macosx_10_9_x86_64.whl", hash = "sha256:dad42e676c5261eb50fdb16bdf3e2771cf8f99a79ef69ba88729aeb3472d8575"},
    {file = "setproctitle-1.3.2-pp37-pypy37_pp73-manylinux_2_5_i686.manylinux1_i686.manylinux_2_17_i686.manylinux2014_i686.whl", hash = "sha256:c91b9bc8985d00239f7dc08a49927a7ca1ca8a6af2c3890feec3ed9665b6f91e"},
    {file = "setproctitle-1.3.2-pp37-pypy37_pp73-manylinux_2_5_x86_64.manylinux1_x86_64.manylinux_2_17_x86_64.manylinux2014_x86_64.whl", hash = "sha256:e8579a43eafd246e285eb3a5b939e7158073d5087aacdd2308f23200eac2458b"},
    {file = "setproctitle-1.3.2-pp37-pypy37_pp73-win_amd64.whl", hash = "sha256:2fbd8187948284293f43533c150cd69a0e4192c83c377da837dbcd29f6b83084"},
    {file = "setproctitle-1.3.2-pp38-pypy38_pp73-macosx_10_9_x86_64.whl", hash = "sha256:faec934cfe5fd6ac1151c02e67156c3f526e82f96b24d550b5d51efa4a5527c6"},
    {file = "setproctitle-1.3.2-pp38-pypy38_pp73-manylinux_2_5_i686.manylinux1_i686.manylinux_2_17_i686.manylinux2014_i686.whl", hash = "sha256:e1aafc91cbdacc9e5fe712c52077369168e6b6c346f3a9d51bf600b53eae56bb"},
    {file = "setproctitle-1.3.2-pp38-pypy38_pp73-manylinux_2_5_x86_64.manylinux1_x86_64.manylinux_2_17_x86_64.manylinux2014_x86_64.whl", hash = "sha256:b617f12c9be61e8f4b2857be4a4319754756845dbbbd9c3718f468bbb1e17bcb"},
    {file = "setproctitle-1.3.2-pp38-pypy38_pp73-win_amd64.whl", hash = "sha256:b2c9cb2705fc84cb8798f1ba74194f4c080aaef19d9dae843591c09b97678e98"},
    {file = "setproctitle-1.3.2-pp39-pypy39_pp73-macosx_10_9_x86_64.whl", hash = "sha256:a149a5f7f2c5a065d4e63cb0d7a4b6d3b66e6e80f12e3f8827c4f63974cbf122"},
    {file = "setproctitle-1.3.2-pp39-pypy39_pp73-manylinux_2_5_i686.manylinux1_i686.manylinux_2_17_i686.manylinux2014_i686.whl", hash = "sha256:2e3ac25bfc4a0f29d2409650c7532d5ddfdbf29f16f8a256fc31c47d0dc05172"},
    {file = "setproctitle-1.3.2-pp39-pypy39_pp73-manylinux_2_5_x86_64.manylinux1_x86_64.manylinux_2_17_x86_64.manylinux2014_x86_64.whl", hash = "sha256:65d884e22037b23fa25b2baf1a3316602ed5c5971eb3e9d771a38c3a69ce6e13"},
    {file = "setproctitle-1.3.2-pp39-pypy39_pp73-win_amd64.whl", hash = "sha256:7aa0aac1711fadffc1d51e9d00a3bea61f68443d6ac0241a224e4d622489d665"},
    {file = "setproctitle-1.3.2.tar.gz", hash = "sha256:b9fb97907c830d260fa0658ed58afd48a86b2b88aac521135c352ff7fd3477fd"},
]

[package.extras]
test = ["pytest"]

[[package]]
name = "setuptools"
version = "67.6.0"
description = "Easily download, build, install, upgrade, and uninstall Python packages"
category = "main"
optional = false
python-versions = ">=3.7"
files = [
    {file = "setuptools-67.6.0-py3-none-any.whl", hash = "sha256:b78aaa36f6b90a074c1fa651168723acbf45d14cb1196b6f02c0fd07f17623b2"},
    {file = "setuptools-67.6.0.tar.gz", hash = "sha256:2ee892cd5f29f3373097f5a814697e397cf3ce313616df0af11231e2ad118077"},
]

[package.extras]
docs = ["furo", "jaraco.packaging (>=9)", "jaraco.tidelift (>=1.4)", "pygments-github-lexers (==0.0.5)", "rst.linker (>=1.9)", "sphinx (>=3.5)", "sphinx-favicon", "sphinx-hoverxref (<2)", "sphinx-inline-tabs", "sphinx-lint", "sphinx-notfound-page (==0.8.3)", "sphinx-reredirects", "sphinxcontrib-towncrier"]
testing = ["build[virtualenv]", "filelock (>=3.4.0)", "flake8 (<5)", "flake8-2020", "ini2toml[lite] (>=0.9)", "jaraco.envs (>=2.2)", "jaraco.path (>=3.2.0)", "pip (>=19.1)", "pip-run (>=8.8)", "pytest (>=6)", "pytest-black (>=0.3.7)", "pytest-checkdocs (>=2.4)", "pytest-cov", "pytest-enabler (>=1.3)", "pytest-flake8", "pytest-mypy (>=0.9.1)", "pytest-perf", "pytest-timeout", "pytest-xdist", "tomli-w (>=1.0.0)", "virtualenv (>=13.0.0)", "wheel"]
testing-integration = ["build[virtualenv]", "filelock (>=3.4.0)", "jaraco.envs (>=2.2)", "jaraco.path (>=3.2.0)", "pytest", "pytest-enabler", "pytest-xdist", "tomli", "virtualenv (>=13.0.0)", "wheel"]

[[package]]
name = "sniffio"
version = "1.3.0"
description = "Sniff out which async library your code is running under"
category = "main"
optional = false
python-versions = ">=3.7"
files = [
    {file = "sniffio-1.3.0-py3-none-any.whl", hash = "sha256:eecefdce1e5bbfb7ad2eeaabf7c1eeb404d7757c379bd1f7e5cce9d8bf425384"},
    {file = "sniffio-1.3.0.tar.gz", hash = "sha256:e60305c5e5d314f5389259b7f22aaa33d8f7dee49763119234af3755c55b9101"},
]

[[package]]
name = "starlette"
version = "0.25.0"
description = "The little ASGI library that shines."
category = "main"
optional = false
python-versions = ">=3.7"
files = [
    {file = "starlette-0.25.0-py3-none-any.whl", hash = "sha256:774f1df1983fd594b9b6fb3ded39c2aa1979d10ac45caac0f4255cbe2acb8628"},
    {file = "starlette-0.25.0.tar.gz", hash = "sha256:854c71e73736c429c2bdb07801f2c76c9cba497e7c3cf4988fde5e95fe4cdb3c"},
]

[package.dependencies]
anyio = ">=3.4.0,<5"

[package.extras]
full = ["httpx (>=0.22.0)", "itsdangerous", "jinja2", "python-multipart", "pyyaml"]

[[package]]
name = "uvicorn"
version = "0.20.0"
description = "The lightning-fast ASGI server."
category = "main"
optional = false
python-versions = ">=3.7"
files = [
    {file = "uvicorn-0.20.0-py3-none-any.whl", hash = "sha256:c3ed1598a5668208723f2bb49336f4509424ad198d6ab2615b7783db58d919fd"},
    {file = "uvicorn-0.20.0.tar.gz", hash = "sha256:a4e12017b940247f836bc90b72e725d7dfd0c8ed1c51eb365f5ba30d9f5127d8"},
]

[package.dependencies]
click = ">=7.0"
h11 = ">=0.8"

[package.extras]
standard = ["colorama (>=0.4)", "httptools (>=0.5.0)", "python-dotenv (>=0.13)", "pyyaml (>=5.1)", "uvloop (>=0.14.0,!=0.15.0,!=0.15.1)", "watchfiles (>=0.13)", "websockets (>=10.4)"]

[[package]]
name = "uvloop"
version = "0.17.0"
description = "Fast implementation of asyncio event loop on top of libuv"
category = "main"
optional = false
python-versions = ">=3.7"
files = [
    {file = "uvloop-0.17.0-cp310-cp310-macosx_10_9_universal2.whl", hash = "sha256:ce9f61938d7155f79d3cb2ffa663147d4a76d16e08f65e2c66b77bd41b356718"},
    {file = "uvloop-0.17.0-cp310-cp310-macosx_10_9_x86_64.whl", hash = "sha256:68532f4349fd3900b839f588972b3392ee56042e440dd5873dfbbcd2cc67617c"},
    {file = "uvloop-0.17.0-cp310-cp310-manylinux_2_17_aarch64.manylinux2014_aarch64.whl", hash = "sha256:0949caf774b9fcefc7c5756bacbbbd3fc4c05a6b7eebc7c7ad6f825b23998d6d"},
    {file = "uvloop-0.17.0-cp310-cp310-manylinux_2_17_x86_64.manylinux2014_x86_64.whl", hash = "sha256:ff3d00b70ce95adce264462c930fbaecb29718ba6563db354608f37e49e09024"},
    {file = "uvloop-0.17.0-cp310-cp310-musllinux_1_1_aarch64.whl", hash = "sha256:a5abddb3558d3f0a78949c750644a67be31e47936042d4f6c888dd6f3c95f4aa"},
    {file = "uvloop-0.17.0-cp310-cp310-musllinux_1_1_x86_64.whl", hash = "sha256:8efcadc5a0003d3a6e887ccc1fb44dec25594f117a94e3127954c05cf144d811"},
    {file = "uvloop-0.17.0-cp311-cp311-macosx_10_9_universal2.whl", hash = "sha256:3378eb62c63bf336ae2070599e49089005771cc651c8769aaad72d1bd9385a7c"},
    {file = "uvloop-0.17.0-cp311-cp311-macosx_10_9_x86_64.whl", hash = "sha256:6aafa5a78b9e62493539456f8b646f85abc7093dd997f4976bb105537cf2635e"},
    {file = "uvloop-0.17.0-cp311-cp311-manylinux_2_17_aarch64.manylinux2014_aarch64.whl", hash = "sha256:c686a47d57ca910a2572fddfe9912819880b8765e2f01dc0dd12a9bf8573e539"},
    {file = "uvloop-0.17.0-cp311-cp311-manylinux_2_17_x86_64.manylinux2014_x86_64.whl", hash = "sha256:864e1197139d651a76c81757db5eb199db8866e13acb0dfe96e6fc5d1cf45fc4"},
    {file = "uvloop-0.17.0-cp311-cp311-musllinux_1_1_aarch64.whl", hash = "sha256:2a6149e1defac0faf505406259561bc14b034cdf1d4711a3ddcdfbaa8d825a05"},
    {file = "uvloop-0.17.0-cp311-cp311-musllinux_1_1_x86_64.whl", hash = "sha256:6708f30db9117f115eadc4f125c2a10c1a50d711461699a0cbfaa45b9a78e376"},
    {file = "uvloop-0.17.0-cp37-cp37m-macosx_10_9_x86_64.whl", hash = "sha256:23609ca361a7fc587031429fa25ad2ed7242941adec948f9d10c045bfecab06b"},
    {file = "uvloop-0.17.0-cp37-cp37m-manylinux_2_17_aarch64.manylinux2014_aarch64.whl", hash = "sha256:2deae0b0fb00a6af41fe60a675cec079615b01d68beb4cc7b722424406b126a8"},
    {file = "uvloop-0.17.0-cp37-cp37m-manylinux_2_17_x86_64.manylinux2014_x86_64.whl", hash = "sha256:45cea33b208971e87a31c17622e4b440cac231766ec11e5d22c76fab3bf9df62"},
    {file = "uvloop-0.17.0-cp37-cp37m-musllinux_1_1_aarch64.whl", hash = "sha256:9b09e0f0ac29eee0451d71798878eae5a4e6a91aa275e114037b27f7db72702d"},
    {file = "uvloop-0.17.0-cp37-cp37m-musllinux_1_1_x86_64.whl", hash = "sha256:dbbaf9da2ee98ee2531e0c780455f2841e4675ff580ecf93fe5c48fe733b5667"},
    {file = "uvloop-0.17.0-cp38-cp38-macosx_10_9_universal2.whl", hash = "sha256:a4aee22ece20958888eedbad20e4dbb03c37533e010fb824161b4f05e641f738"},
    {file = "uvloop-0.17.0-cp38-cp38-macosx_10_9_x86_64.whl", hash = "sha256:307958f9fc5c8bb01fad752d1345168c0abc5d62c1b72a4a8c6c06f042b45b20"},
    {file = "uvloop-0.17.0-cp38-cp38-manylinux_2_17_aarch64.manylinux2014_aarch64.whl", hash = "sha256:3ebeeec6a6641d0adb2ea71dcfb76017602ee2bfd8213e3fcc18d8f699c5104f"},
    {file = "uvloop-0.17.0-cp38-cp38-manylinux_2_17_x86_64.manylinux2014_x86_64.whl", hash = "sha256:1436c8673c1563422213ac6907789ecb2b070f5939b9cbff9ef7113f2b531595"},
    {file = "uvloop-0.17.0-cp38-cp38-musllinux_1_1_aarch64.whl", hash = "sha256:8887d675a64cfc59f4ecd34382e5b4f0ef4ae1da37ed665adba0c2badf0d6578"},
    {file = "uvloop-0.17.0-cp38-cp38-musllinux_1_1_x86_64.whl", hash = "sha256:3db8de10ed684995a7f34a001f15b374c230f7655ae840964d51496e2f8a8474"},
    {file = "uvloop-0.17.0-cp39-cp39-macosx_10_9_universal2.whl", hash = "sha256:7d37dccc7ae63e61f7b96ee2e19c40f153ba6ce730d8ba4d3b4e9738c1dccc1b"},
    {file = "uvloop-0.17.0-cp39-cp39-macosx_10_9_x86_64.whl", hash = "sha256:cbbe908fda687e39afd6ea2a2f14c2c3e43f2ca88e3a11964b297822358d0e6c"},
    {file = "uvloop-0.17.0-cp39-cp39-manylinux_2_17_aarch64.manylinux2014_aarch64.whl", hash = "sha256:3d97672dc709fa4447ab83276f344a165075fd9f366a97b712bdd3fee05efae8"},
    {file = "uvloop-0.17.0-cp39-cp39-manylinux_2_17_x86_64.manylinux2014_x86_64.whl", hash = "sha256:f1e507c9ee39c61bfddd79714e4f85900656db1aec4d40c6de55648e85c2799c"},
    {file = "uvloop-0.17.0-cp39-cp39-musllinux_1_1_aarch64.whl", hash = "sha256:c092a2c1e736086d59ac8e41f9c98f26bbf9b9222a76f21af9dfe949b99b2eb9"},
    {file = "uvloop-0.17.0-cp39-cp39-musllinux_1_1_x86_64.whl", hash = "sha256:30babd84706115626ea78ea5dbc7dd8d0d01a2e9f9b306d24ca4ed5796c66ded"},
    {file = "uvloop-0.17.0.tar.gz", hash = "sha256:0ddf6baf9cf11a1a22c71487f39f15b2cf78eb5bde7e5b45fbb99e8a9d91b9e1"},
]

[package.extras]
dev = ["Cython (>=0.29.32,<0.30.0)", "Sphinx (>=4.1.2,<4.2.0)", "aiohttp", "flake8 (>=3.9.2,<3.10.0)", "mypy (>=0.800)", "psutil", "pyOpenSSL (>=22.0.0,<22.1.0)", "pycodestyle (>=2.7.0,<2.8.0)", "pytest (>=3.6.0)", "sphinx-rtd-theme (>=0.5.2,<0.6.0)", "sphinxcontrib-asyncio (>=0.3.0,<0.4.0)"]
docs = ["Sphinx (>=4.1.2,<4.2.0)", "sphinx-rtd-theme (>=0.5.2,<0.6.0)", "sphinxcontrib-asyncio (>=0.3.0,<0.4.0)"]
test = ["Cython (>=0.29.32,<0.30.0)", "aiohttp", "flake8 (>=3.9.2,<3.10.0)", "mypy (>=0.800)", "psutil", "pyOpenSSL (>=22.0.0,<22.1.0)", "pycodestyle (>=2.7.0,<2.8.0)"]

[metadata]
lock-version = "2.0"
python-versions = "^3.11"
content-hash = "0737903300f388384f9e92faacf749525fd41079fc9897a904e8bfd605d23e48"
